
Microsoft Visual Studio Solution File, Format Version 12.00
# Visual Studio Version 17
VisualStudioVersion = 17.1.32328.378
MinimumVisualStudioVersion = 10.0.40219.1
Project("{FAE04EC0-301F-11D3-BF4B-00C04F79EFBC}") = "Savas.Desktop", "Savas.Desktop\Savas.Desktop.csproj", "{3450E8D7-D219-4F8B-9869-7860532A8220}"
EndProject
Project("{FAE04EC0-301F-11D3-BF4B-00C04F79EFBC}") = "Savas.Library", "Savas.Library\Savas.Library.csproj", "{22DD6AF4-C5B1-49F6-BAD2-F37845236928}"
EndProject
Global
	GlobalSection(SolutionConfigurationPlatforms) = preSolution
		Debug|Any CPU = Debug|Any CPU
		Release|Any CPU = Release|Any CPU
	EndGlobalSection
	GlobalSection(ProjectConfigurationPlatforms) = postSolution
		{3450E8D7-D219-4F8B-9869-7860532A8220}.Debug|Any CPU.ActiveCfg = Debug|Any CPU
		{3450E8D7-D219-4F8B-9869-7860532A8220}.Debug|Any CPU.Build.0 = Debug|Any CPU
		{3450E8D7-D219-4F8B-9869-7860532A8220}.Release|Any CPU.ActiveCfg = Release|Any CPU
		{3450E8D7-D219-4F8B-9869-7860532A8220}.Release|Any CPU.Build.0 = Release|Any CPU
		{22DD6AF4-C5B1-49F6-BAD2-F37845236928}.Debug|Any CPU.ActiveCfg = Debug|Any CPU
		{22DD6AF4-C5B1-49F6-BAD2-F37845236928}.Debug|Any CPU.Build.0 = Debug|Any CPU
		{22DD6AF4-C5B1-49F6-BAD2-F37845236928}.Release|Any CPU.ActiveCfg = Release|Any CPU
		{22DD6AF4-C5B1-49F6-BAD2-F37845236928}.Release|Any CPU.Build.0 = Release|Any CPU
	EndGlobalSection
	GlobalSection(SolutionProperties) = preSolution
		HideSolutionNode = FALSE
	EndGlobalSection
	GlobalSection(ExtensibilityGlobals) = postSolution
		SolutionGuid = {EC214B8B-8900-4C20-934B-D5C84B024BC7}
	EndGlobalSection
EndGlobal
